
Microsoft Visual Studio Solution File, Format Version 12.00
# Visual Studio Version 17
VisualStudioVersion = 17.8.34511.84
MinimumVisualStudioVersion = 10.0.40219.1
Project("{FAE04EC0-301F-11D3-BF4B-00C04F79EFBC}") = "Activity2Windows", "Activity2Windows\Activity2Windows.csproj", "{5C2A7659-E550-4B60-9FE5-A285F11DF291}"
EndProject
Global
	GlobalSection(SolutionConfigurationPlatforms) = preSolution
		Debug|Any CPU = Debug|Any CPU
		Release|Any CPU = Release|Any CPU
	EndGlobalSection
	GlobalSection(ProjectConfigurationPlatforms) = postSolution
		{5C2A7659-E550-4B60-9FE5-A285F11DF291}.Debug|Any CPU.ActiveCfg = Debug|Any CPU
		{5C2A7659-E550-4B60-9FE5-A285F11DF291}.Debug|Any CPU.Build.0 = Debug|Any CPU
		{5C2A7659-E550-4B60-9FE5-A285F11DF291}.Release|Any CPU.ActiveCfg = Release|Any CPU
		{5C2A7659-E550-4B60-9FE5-A285F11DF291}.Release|Any CPU.Build.0 = Release|Any CPU
	EndGlobalSection
	GlobalSection(SolutionProperties) = preSolution
		HideSolutionNode = FALSE
	EndGlobalSection
	GlobalSection(ExtensibilityGlobals) = postSolution
		SolutionGuid = {26A8BE71-3527-42A1-B018-C4BCD31C81C6}
	EndGlobalSection
EndGlobal
